
Microsoft Visual Studio Solution File, Format Version 12.00
# Visual Studio Version 17
VisualStudioVersion = 17.9.34728.123
MinimumVisualStudioVersion = 10.0.40219.1
Project("{FAE04EC0-301F-11D3-BF4B-00C04F79EFBC}") = "PokedexAPI", "PokedexAPI\PokedexAPI.csproj", "{91FB9080-0154-4544-8095-4AC767DD5956}"
EndProject
Project("{FAE04EC0-301F-11D3-BF4B-00C04F79EFBC}") = "PokemonAPI_Test", "PokemonAPI_Test\PokemonAPI_Test.csproj", "{23D01B01-DDC6-4BFA-B828-B531F6D2EA30}"
EndProject
Global
	GlobalSection(SolutionConfigurationPlatforms) = preSolution
		Debug|Any CPU = Debug|Any CPU
		Release|Any CPU = Release|Any CPU
	EndGlobalSection
	GlobalSection(ProjectConfigurationPlatforms) = postSolution
		{91FB9080-0154-4544-8095-4AC767DD5956}.Debug|Any CPU.ActiveCfg = Debug|Any CPU
		{91FB9080-0154-4544-8095-4AC767DD5956}.Debug|Any CPU.Build.0 = Debug|Any CPU
		{91FB9080-0154-4544-8095-4AC767DD5956}.Release|Any CPU.ActiveCfg = Release|Any CPU
		{91FB9080-0154-4544-8095-4AC767DD5956}.Release|Any CPU.Build.0 = Release|Any CPU
		{23D01B01-DDC6-4BFA-B828-B531F6D2EA30}.Debug|Any CPU.ActiveCfg = Debug|Any CPU
		{23D01B01-DDC6-4BFA-B828-B531F6D2EA30}.Debug|Any CPU.Build.0 = Debug|Any CPU
		{23D01B01-DDC6-4BFA-B828-B531F6D2EA30}.Release|Any CPU.ActiveCfg = Release|Any CPU
		{23D01B01-DDC6-4BFA-B828-B531F6D2EA30}.Release|Any CPU.Build.0 = Release|Any CPU
	EndGlobalSection
	GlobalSection(SolutionProperties) = preSolution
		HideSolutionNode = FALSE
	EndGlobalSection
	GlobalSection(ExtensibilityGlobals) = postSolution
		SolutionGuid = {E719C9FF-B47B-4435-A28F-D6FD043030BA}
	EndGlobalSection
EndGlobal
